{
  "name": "@psu-ooe/ecrm-ds-demo",
  "version": "1.0.0",
  "lockfileVersion": 3,
  "requires": true,
  "packages": {
    "": {
      "name": "@psu-ooe/ecrm-ds-demo",
      "version": "1.0.0",
      "dependencies": {
        "@psu-ooe/background-container": "^3.0.1",
        "@psu-ooe/callout": "^1.0.0",
        "@psu-ooe/cta": "^2.1.0",
        "@psu-ooe/divider": "^2.0.0",
        "@psu-ooe/header": "^1.0.0",
        "@psu-ooe/heading": "^2.0.1",
        "@psu-ooe/page-title-banner-plain": "^1.0.0",
        "@psu-ooe/social-icon": "^2.0.0",
        "@psu-ooe/social-icons": "^2.0.0"
      }
    },
    "node_modules/@psu-ooe/background-container": {
      "version": "3.0.1",
      "resolved": "https://npm.pkg.github.com/download/@psu-ooe/background-container/3.0.1/7dfd2560ad5d7ff9d04f935b0f3ae736db8bf0be",
      "integrity": "sha512-lY4sUprkrMQXchOJYdVeJvc5dL+YQs5khbSutgoMQlBrJWRw03Bh6ICsTI2eHNs7/+q9E3rs70eIPHKkStq9BQ==",
      "dependencies": {
        "@psu-ooe/base": "^2.0",
        "@psu-ooe/sprite": "^2.0"
      }
    },
    "node_modules/@psu-ooe/base": {
      "version": "2.0.4",
      "resolved": "https://npm.pkg.github.com/download/@psu-ooe/base/2.0.4/3db5520397bade89028097444fb15aad8bb4be6b",
      "integrity": "sha512-4Rtn7sLdWMQ1a+VkXcd4G8OxxKrnbj8c92rjunDYG28+qav1jEuYnEpnBDOlPO0kLdPBOH/GjNO4CIhSOO4+sw==",
      "dependencies": {
        "@psu-ooe/webfonts": "^2.0"
      }
    },
    "node_modules/@psu-ooe/callout": {
      "version": "1.0.0",
      "resolved": "https://npm.pkg.github.com/download/@psu-ooe/callout/1.0.0/23592f457885b339580221fc589c0fd93b255983",
      "integrity": "sha512-gNV0Wv/lUOG3P0YIJuZinexxYLfGXkmG1UaBkYnscAmlDPixOZVuGP/VqNdzbBp7FB9i0V4Q2GmdZIEygr9vdQ==",
      "dependencies": {
        "@psu-ooe/base": "^2.0"
      }
    },
    "node_modules/@psu-ooe/cta": {
      "version": "2.1.0",
      "resolved": "https://npm.pkg.github.com/download/@psu-ooe/cta/2.1.0/d20225a45dcafc99a42904f390675fba1e043c9a",
      "integrity": "sha512-qhLDI5wOfL1lSbQ101+pQeFrurUhnroGUVRdMpY7vJZX6zY7jy0K7OORGkX5/geyo5SZ1UPfSJINv1aEWWWpuA==",
      "dependencies": {
        "@psu-ooe/base": "^2.0",
        "@psu-ooe/cta-tracking": "^1.0"
      }
    },
    "node_modules/@psu-ooe/cta-tracking": {
      "version": "1.0.2",
      "resolved": "https://npm.pkg.github.com/download/@psu-ooe/cta-tracking/1.0.2/2f63ad4bd36f7d28271695703e4703b47b2c87c1",
      "integrity": "sha512-8jFTT6xXyu77xoTRU+Xp2iAbzaa7Pv2vaQnMZ44kepbqjHZLa/9DqX4wsZQ4Sp9/ffAhlujDWBBuJ29ndAwGxA==",
      "dependencies": {
        "@psu-ooe/gtm": "^1.0"
      }
    },
    "node_modules/@psu-ooe/divider": {
      "version": "2.0.0",
      "resolved": "https://npm.pkg.github.com/download/@psu-ooe/divider/2.0.0/2f12c66bf2e570df3b1544f9fa4f832e3ef02511",
      "integrity": "sha512-yF7IB2qIpWtwWfPyGv0W+7R21o8ZjpAnPb1AQKI7zggYFQlbKMCPyzIuiRKyG6P0PNttTfn83sFQymq6BDzbow==",
      "dependencies": {
        "@psu-ooe/base": "^2.0",
        "@psu-ooe/sprite": "^2.0"
      }
    },
    "node_modules/@psu-ooe/gtm": {
      "version": "1.0.0",
      "resolved": "https://npm.pkg.github.com/download/@psu-ooe/gtm/1.0.0/563bb24ac7dc3c2cb94bdfaeb1da9987183f532d",
      "integrity": "sha512-uZp9L0EU+Ae9l5m27yaj7Oi6THYD2qGgSkkWsdv0etFCgUKOrTloM5Ny2tyvS+2pysFj0RtGbaxyM0vltVc+fA=="
    },
    "node_modules/@psu-ooe/header": {
      "version": "1.0.0",
      "resolved": "https://npm.pkg.github.com/download/@psu-ooe/header/1.0.0/bb17d9d6852341278802ee6cd7d072e2714479f8",
      "integrity": "sha512-Uo2IRkwcyn0WWSK16bmKS68Fg2RthETeu4Oi6Rm3ZU1xPbxhN33hDWNZDsn5FRnli6m9TcVKgFHejveP03MvHw==",
      "dependencies": {
        "@psu-ooe/base": "^2.0",
        "@psu-ooe/sprite": "^2.0"
      }
    },
    "node_modules/@psu-ooe/heading": {
      "version": "2.0.1",
      "resolved": "https://npm.pkg.github.com/download/@psu-ooe/heading/2.0.1/dfec9135add80888823749423d690746af94cce6",
      "integrity": "sha512-eaoiuQuP50E6SUGWj9D8yuIQvP+EJerBKmsvCQfY2EEbd8yOSIMtj17Ag1Q+Argsaz+p5hSirRTNq8zC5jrDow==",
      "dependencies": {
        "@psu-ooe/base": "^2.0"
      }
    },
    "node_modules/@psu-ooe/page-title": {
      "version": "1.0.1",
      "resolved": "https://npm.pkg.github.com/download/@psu-ooe/page-title/1.0.1/f344b244ec6ba2ac211fefb96b371507e8c26cbf",
      "integrity": "sha512-xlBfua/NCFbKpB/m/ZzsqM4xSqCAbdP95tkcf/+saN7FCGtPqp90+QuimEWGZldjQRWRm5wnqe51OKNB6V+Frg==",
      "dependencies": {
        "@psu-ooe/base": "^2.0",
        "@psu-ooe/heading": "^2.0"
      }
    },
    "node_modules/@psu-ooe/page-title-banner-plain": {
      "version": "1.0.0",
      "resolved": "https://npm.pkg.github.com/download/@psu-ooe/page-title-banner-plain/1.0.0/44415066cb5e0f94942385cdbef91a82e689a801",
      "integrity": "sha512-rr/SJ52jx3ooR4+llW3UIfslc6Cgkww6dHXwgFAW/7ov5z2UtnvB3DkisjKlnaxgRC6ZTP6UUYMuXx2tttjgWA==",
      "dependencies": {
        "@psu-ooe/base": "^2.0",
        "@psu-ooe/page-title": "^1.0",
        "@psu-ooe/sprite": "^2.0"
      }
    },
    "node_modules/@psu-ooe/social-icon": {
      "version": "2.0.0",
      "resolved": "https://npm.pkg.github.com/download/@psu-ooe/social-icon/2.0.0/37f0194d300ae6e6eb32460a4dd97583f0d93770",
      "integrity": "sha512-IzrEBTH/pqEAeJCGA3k4ViU1zWajIG7wDuE/wXnucaQnXvYWzKw+JB4SrqK1CDgk0CSUofsnfJJLviBP6VHCwg==",
      "dependencies": {
        "@psu-ooe/base": "^2.0",
        "@psu-ooe/sprite": "^2.0"
      }
    },
    "node_modules/@psu-ooe/social-icons": {
      "version": "2.0.0",
      "resolved": "https://npm.pkg.github.com/download/@psu-ooe/social-icons/2.0.0/09a60e106cc8539b6df8cfd5f143cb64a7fa97f2",
      "integrity": "sha512-W9Kq3NskmSLO0+8s5EeDQJLnT8LkNNtCJQiNIZXAh59+YSRu8Xzp6Zh/FuTN+NuCGGILu+owaGeYvKKNLkximw==",
      "dependencies": {
        "@psu-ooe/base": "^2.0",
        "@psu-ooe/social-icon": "^2.0"
      }
    },
    "node_modules/@psu-ooe/sprite": {
      "version": "2.0.1",
      "resolved": "https://npm.pkg.github.com/download/@psu-ooe/sprite/2.0.1/6b78a248b1e029dec774b8558af0f944788ed000",
      "integrity": "sha512-go8iKefej9qu3tlFpIPriApWKoxqWcIVxROBFi7IEJ50yiRHw6GJVuJe3OluNCDS15JbGxGLbCP94Zp0UYbHVA==",
      "dependencies": {
        "@psu-ooe/base": "^2.0"
      }
    },
    "node_modules/@psu-ooe/webfonts": {
      "version": "2.0.1",
      "resolved": "https://npm.pkg.github.com/download/@psu-ooe/webfonts/2.0.1/89907b9541c96fa553c8573e9cd2a92e7790e102",
      "integrity": "sha512-edfi2X5UrVoW6rYaAeilrNB7AHGZxmgeUro9gS3d0sSVWMBt2I+HIYKlrm+n7cVEBzqZrPLv0DHeHQHnKbDsfw=="
    }
  }
}
